Microsoft Visual Studio Solution File, Format Version 11.00
# Visual Studio 2008

Project("{B4408817-7485-D063-5730-C7995EAA1218}") = "Osomatsusan", "Assembly-CSharp.csproj", "{9164721D-AC3A-61E8-C0DA-62891875B1BB}"
EndProject
Global
	GlobalSection(SolutionConfigurationPlatforms) = preSolution
		Debug|Any CPU = Debug|Any CPU
		Release|Any CPU = Release|Any CPU
	EndGlobalSection
	GlobalSection(ProjectConfigurationPlatforms) = postSolution
		{9164721D-AC3A-61E8-C0DA-62891875B1BB}.Debug|Any CPU.ActiveCfg = Debug|Any CPU
		{9164721D-AC3A-61E8-C0DA-62891875B1BB}.Debug|Any CPU.Build.0 = Debug|Any CPU
		{9164721D-AC3A-61E8-C0DA-62891875B1BB}.Release|Any CPU.ActiveCfg = Release|Any CPU
		{9164721D-AC3A-61E8-C0DA-62891875B1BB}.Release|Any CPU.Build.0 = Release|Any CPU
	EndGlobalSection
	GlobalSection(SolutionProperties) = preSolution
		HideSolutionNode = FALSE
	EndGlobalSection
	GlobalSection(MonoDevelopProperties) = preSolution
		StartupItem = Assembly-CSharp.csproj
	EndGlobalSection
EndGlobal
